
Microsoft Visual Studio Solution File, Format Version 12.00
# Visual Studio Version 16
VisualStudioVersion = 16.0.29806.167
MinimumVisualStudioVersion = 10.0.40219.1
Project("{FAE04EC0-301F-11D3-BF4B-00C04F79EFBC}") = "TennisGame.Tests", "TennisGame.Tests\TennisGame.Tests.csproj", "{FF9A7E35-4085-4B4A-8DBB-7AE824A264AA}"
EndProject
Global
	GlobalSection(SolutionConfigurationPlatforms) = preSolution
		Debug|Any CPU = Debug|Any CPU
		Release|Any CPU = Release|Any CPU
	EndGlobalSection
	GlobalSection(ProjectConfigurationPlatforms) = postSolution
		{FF9A7E35-4085-4B4A-8DBB-7AE824A264AA}.Debug|Any CPU.ActiveCfg = Debug|Any CPU
		{FF9A7E35-4085-4B4A-8DBB-7AE824A264AA}.Debug|Any CPU.Build.0 = Debug|Any CPU
		{FF9A7E35-4085-4B4A-8DBB-7AE824A264AA}.Release|Any CPU.ActiveCfg = Release|Any CPU
		{FF9A7E35-4085-4B4A-8DBB-7AE824A264AA}.Release|Any CPU.Build.0 = Release|Any CPU
	EndGlobalSection
	GlobalSection(SolutionProperties) = preSolution
		HideSolutionNode = FALSE
	EndGlobalSection
	GlobalSection(ExtensibilityGlobals) = postSolution
		SolutionGuid = {14354E27-44E6-4302-9EF9-4C00F2438B33}
	EndGlobalSection
EndGlobal
